// !$*UTF8*$!
{
	archiveVersion = 1;
	classes = {
	};
	objectVersion = 46;
	objects = {

/* Begin PBXBuildFile section */
		588AB2271EA0AFDD00E6407E /* main.swift in Sources */ = {isa = PBXBuildFile; fileRef = 588AB2261EA0AFDD00E6407E /* main.swift */; };
		588AB23D1EA1A2F100E6407E /* ExtDomainModelTest.swift in Sources */ = {isa = PBXBuildFile; fileRef = 588AB2331EA196E400E6407E /* ExtDomainModelTest.swift */; };
		588AB23F1EA1A43300E6407E /* main.swift in Sources */ = {isa = PBXBuildFile; fileRef = 588AB2261EA0AFDD00E6407E /* main.swift */; };
/* End PBXBuildFile section */

/* Begin PBXCopyFilesBuildPhase section */
		588AB2211EA0AFDD00E6407E /* CopyFiles */ = {
			isa = PBXCopyFilesBuildPhase;
			buildActionMask = 2147483647;
			dstPath = /usr/share/man/man1/;
			dstSubfolderSpec = 0;
			files = (
			);
			runOnlyForDeploymentPostprocessing = 1;
		};
/* End PBXCopyFilesBuildPhase section */

/* Begin PBXFileReference section */
		588AB2231EA0AFDD00E6407E /* ExtDomainModel */ = {isa = PBXFileReference; explicitFileType = "compiled.mach-o.executable"; includeInIndex = 0; path = ExtDomainModel; sourceTree = BUILT_PRODUCTS_DIR; };
		588AB2261EA0AFDD00E6407E /* main.swift */ = {isa = PBXFileReference; lastKnownFileType = sourcecode.swift; path = main.swift; sourceTree = "<group>"; };
		588AB2311EA196E400E6407E /* ExtDomainModelTest.xctest */ = {isa = PBXFileReference; explicitFileType = wrapper.cfbundle; includeInIndex = 0; path = ExtDomainModelTest.xctest; sourceTree = BUILT_PRODUCTS_DIR; };
		588AB2331EA196E400E6407E /* ExtDomainModelTest.swift */ = {isa = PBXFileReference; lastKnownFileType = sourcecode.swift; path = ExtDomainModelTest.swift; sourceTree = "<group>"; };
		588AB2351EA196E400E6407E /* Info.plist */ = {isa = PBXFileReference; lastKnownFileType = text.plist.xml; path = Info.plist; sourceTree = "<group>"; };
/* End PBXFileReference section */

/* Begin PBXFrameworksBuildPhase section */
		588AB2201EA0AFDD00E6407E /* Frameworks */ = {
			isa = PBXFrameworksBuildPhase;
			buildActionMask = 2147483647;
			files = (
			);
			runOnlyForDeploymentPostprocessing = 0;
		};
		588AB22E1EA196E400E6407E /* Frameworks */ = {
			isa = PBXFrameworksBuildPhase;
			buildActionMask = 2147483647;
			files = (
			);
			runOnlyForDeploymentPostprocessing = 0;
		};
/* End PBXFrameworksBuildPhase section */

/* Begin PBXGroup section */
		588AB21A1EA0AFDD00E6407E = {
			isa = PBXGroup;
			children = (
				588AB2251EA0AFDD00E6407E /* ExtDomainModel */,
				588AB2321EA196E400E6407E /* ExtDomainModelTest */,
				588AB2241EA0AFDD00E6407E /* Products */,
			);
			sourceTree = "<group>";
		};
		588AB2241EA0AFDD00E6407E /* Products */ = {
			isa = PBXGroup;
			children = (
				588AB2231EA0AFDD00E6407E /* ExtDomainModel */,
				588AB2311EA196E400E6407E /* ExtDomainModelTest.xctest */,
			);
			name = Products;
			sourceTree = "<group>";
		};
		588AB2251EA0AFDD00E6407E /* ExtDomainModel */ = {
			isa = PBXGroup;
			children = (
				588AB2261EA0AFDD00E6407E /* main.swift */,
			);
			path = ExtDomainModel;
			sourceTree = "<group>";
		};
		588AB2321EA196E400E6407E /* ExtDomainModelTest */ = {
			isa = PBXGroup;
			children = (
				588AB2331EA196E400E6407E /* ExtDomainModelTest.swift */,
				588AB2351EA196E400E6407E /* Info.plist */,
			);
			path = ExtDomainModelTest;
			sourceTree = "<group>";
		};
/* End PBXGroup section */

/* Begin PBXNativeTarget section */
		588AB2221EA0AFDD00E6407E /* ExtDomainModel */ = {
			isa = PBXNativeTarget;
			buildConfigurationList = 588AB22A1EA0AFDD00E6407E /* Build configuration list for PBXNativeTarget "ExtDomainModel" */;
			buildPhases = (
				588AB21F1EA0AFDD00E6407E /* Sources */,
				588AB2201EA0AFDD00E6407E /* Frameworks */,
				588AB2211EA0AFDD00E6407E /* CopyFiles */,
			);
			buildRules = (
			);
			dependencies = (
			);
			name = ExtDomainModel;
			productName = ExtDomainModel;
			productReference = 588AB2231EA0AFDD00E6407E /* ExtDomainModel */;
			productType = "com.apple.product-type.tool";
		};
		588AB2301EA196E400E6407E /* ExtDomainModelTest */ = {
			isa = PBXNativeTarget;
			buildConfigurationList = 588AB2361EA196E400E6407E /* Build configuration list for PBXNativeTarget "ExtDomainModelTest" */;
			buildPhases = (
				588AB22D1EA196E400E6407E /* Sources */,
				588AB22E1EA196E400E6407E /* Frameworks */,
				588AB22F1EA196E400E6407E /* Resources */,
			);
			buildRules = (
			);
			dependencies = (
			);
			name = ExtDomainModelTest;
			productName = ExtDomainModelTest;
			productReference = 588AB2311EA196E400E6407E /* ExtDomainModelTest.xctest */;
			productType = "com.apple.product-type.bundle.unit-test";
		};
/* End PBXNativeTarget section */

/* Begin PBXProject section */
		588AB21B1EA0AFDD00E6407E /* Project object */ = {
			isa = PBXProject;
			attributes = {
				LastSwiftUpdateCheck = 0830;
				LastUpgradeCheck = 0830;
				ORGANIZATIONNAME = "Vicky Juan";
				TargetAttributes = {
					588AB2221EA0AFDD00E6407E = {
						CreatedOnToolsVersion = 8.3.1;
						DevelopmentTeam = JD44B74N6A;
						ProvisioningStyle = Automatic;
					};
					588AB2301EA196E400E6407E = {
						CreatedOnToolsVersion = 8.3.1;
						DevelopmentTeam = JD44B74N6A;
						ProvisioningStyle = Automatic;
					};
				};
			};
			buildConfigurationList = 588AB21E1EA0AFDD00E6407E /* Build configuration list for PBXProject "ExtDomainModel" */;
			compatibilityVersion = "Xcode 3.2";
			developmentRegion = English;
			hasScannedForEncodings = 0;
			knownRegions = (
				en,
			);
			mainGroup = 588AB21A1EA0AFDD00E6407E;
			productRefGroup = 588AB2241EA0AFDD00E6407E /* Products */;
			projectDirPath = "";
			projectRoot = "";
			targets = (
				588AB2221EA0AFDD00E6407E /* ExtDomainModel */,
				588AB2301EA196E400E6407E /* ExtDomainModelTest */,
			);
		};
/* End PBXProject section */

/* Begin PBXResourcesBuildPhase section */
		588AB22F1EA196E400E6407E /* Resources */ = {
			isa = PBXResourcesBuildPhase;
			buildActionMask = 2147483647;
			files = (
			);
			runOnlyForDeploymentPostprocessing = 0;
		};
/* End PBXResourcesBuildPhase section */

/* Begin PBXSourcesBuildPhase section */
		588AB21F1EA0AFDD00E6407E /* Sources */ = {
			isa = PBXSourcesBuildPhase;
			buildActionMask = 2147483647;
			files = (
				588AB2271EA0AFDD00E6407E /* main.swift in Sources */,
			);
			runOnlyForDeploymentPostprocessing = 0;
		};
		588AB22D1EA196E400E6407E /* Sources */ = {
			isa = PBXSourcesBuildPhase;
			buildActionMask = 2147483647;
			files = (
				588AB23F1EA1A43300E6407E /* main.swift in Sources */,
				588AB23D1EA1A2F100E6407E /* ExtDomainModelTest.swift in Sources */,
			);
			runOnlyForDeploymentPostprocessing = 0;
		};
/* End PBXSourcesBuildPhase section */

/* Begin XCBuildConfiguration section */
		588AB2281EA0AFDD00E6407E /* Debug */ = {
			isa = XCBuildConfiguration;
			buildSettings = {
				ALWAYS_SEARCH_USER_PATHS = NO;
				CLANG_ANALYZER_NONNULL = YES;
				CLANG_ANALYZER_NUMBER_OBJECT_CONVERSION = YES_AGGRESSIVE;
				CLANG_CXX_LANGUAGE_STANDARD = "gnu++0x";
				CLANG_CXX_LIBRARY = "libc++";
				CLANG_ENABLE_MODULES = YES;
				CLANG_ENABLE_OBJC_ARC = YES;
				CLANG_WARN_BOOL_CONVERSION = YES;
				CLANG_WARN_CONSTANT_CONVERSION = YES;
				CLANG_WARN_DIRECT_OBJC_ISA_USAGE = YES_ERROR;
				CLANG_WARN_DOCUMENTATION_COMMENTS = YES;
				CLANG_WARN_EMPTY_BODY = YES;
				CLANG_WARN_ENUM_CONVERSION = YES;
				CLANG_WARN_INFINITE_RECURSION = YES;
				CLANG_WARN_INT_CONVERSION = YES;
				CLANG_WARN_OBJC_ROOT_CLASS = YES_ERROR;
				CLANG_WARN_SUSPICIOUS_MOVE = YES;
				CLANG_WARN_UNREACHABLE_CODE = YES;
				CLANG_WARN__DUPLICATE_METHOD_MATCH = YES;
				CODE_SIGN_IDENTITY = "-";
				COPY_PHASE_STRIP = NO;
				DEBUG_INFORMATION_FORMAT = dwarf;
				ENABLE_STRICT_OBJC_MSGSEND = YES;
				ENABLE_TESTABILITY = YES;
				GCC_C_LANGUAGE_STANDARD = gnu99;
				GCC_DYNAMIC_NO_PIC = NO;
				GCC_NO_COMMON_BLOCKS = YES;
				GCC_OPTIMIZATION_LEVEL = 0;
				GCC_PREPROCESSOR_DEFINITIONS = (
					"DEBUG=1",
					"$(inherited)",
				);
				GCC_WARN_64_TO_32_BIT_CONVERSION = YES;
				GCC_WARN_ABOUT_RETURN_TYPE = YES_ERROR;
				GCC_WARN_UNDECLARED_SELECTOR = YES;
				GCC_WARN_UNINITIALIZED_AUTOS = YES_AGGRESSIVE;
				GCC_WARN_UNUSED_FUNCTION = YES;
				GCC_WARN_UNUSED_VARIABLE = YES;
				MACOSX_DEPLOYMENT_TARGET = 10.12;
				MTL_ENABLE_DEBUG_INFO = YES;
				ONLY_ACTIVE_ARCH = YES;
				SDKROOT = macosx;
				SWIFT_OPTIMIZATION_LEVEL = "-Onone";
			};
			name = Debug;
		};
		588AB2291EA0AFDD00E6407E /* Release */ = {
			isa = XCBuildConfiguration;
			buildSettings = {
				ALWAYS_SEARCH_USER_PATHS = NO;
				CLANG_ANALYZER_NONNULL = YES;
				CLANG_ANALYZER_NUMBER_OBJECT_CONVERSION = YES_AGGRESSIVE;
				CLANG_CXX_LANGUAGE_STANDARD = "gnu++0x";
				CLANG_CXX_LIBRARY = "libc++";
				CLANG_ENABLE_MODULES = YES;
				CLANG_ENABLE_OBJC_ARC = YES;
				CLANG_WARN_BOOL_CONVERSION = YES;
				CLANG_WARN_CONSTANT_CONVERSION = YES;
				CLANG_WARN_DIRECT_OBJC_ISA_USAGE = YES_ERROR;
				CLANG_WARN_DOCUMENTATION_COMMENTS = YES;
				CLANG_WARN_EMPTY_BODY = YES;
				CLANG_WARN_ENUM_CONVERSION = YES;
				CLANG_WARN_INFINITE_RECURSION = YES;
				CLANG_WARN_INT_CONVERSION = YES;
				CLANG_WARN_OBJC_ROOT_CLASS = YES_ERROR;
				CLANG_WARN_SUSPICIOUS_MOVE = YES;
				CLANG_WARN_UNREACHABLE_CODE = YES;
				CLANG_WARN__DUPLICATE_METHOD_MATCH = YES;
				CODE_SIGN_IDENTITY = "-";
				COPY_PHASE_STRIP = NO;
				DEBUG_INFORMATION_FORMAT = "dwarf-with-dsym";
				ENABLE_NS_ASSERTIONS = NO;
				ENABLE_STRICT_OBJC_MSGSEND = YES;
				GCC_C_LANGUAGE_STANDARD = gnu99;
				GCC_NO_COMMON_BLOCKS = YES;
				GCC_WARN_64_TO_32_BIT_CONVERSION = YES;
				GCC_WARN_ABOUT_RETURN_TYPE = YES_ERROR;
				GCC_WARN_UNDECLARED_SELECTOR = YES;
				GCC_WARN_UNINITIALIZED_AUTOS = YES_AGGRESSIVE;
				GCC_WARN_UNUSED_FUNCTION = YES;
				GCC_WARN_UNUSED_VARIABLE = YES;
				MACOSX_DEPLOYMENT_TARGET = 10.12;
				MTL_ENABLE_DEBUG_INFO = NO;
				SDKROOT = macosx;
			};
			name = Release;
		};
		588AB22B1EA0AFDD00E6407E /* Debug */ = {
			isa = XCBuildConfiguration;
			buildSettings = {
				DEVELOPMENT_TEAM = JD44B74N6A;
				PRODUCT_NAME = "$(TARGET_NAME)";
				SWIFT_VERSION = 3.0;
			};
			name = Debug;
		};
		588AB22C1EA0AFDD00E6407E /* Release */ = {
			isa = XCBuildConfiguration;
			buildSettings = {
				DEVELOPMENT_TEAM = JD44B74N6A;
				PRODUCT_NAME = "$(TARGET_NAME)";
				SWIFT_VERSION = 3.0;
			};
			name = Release;
		};
		588AB2371EA196E400E6407E /* Debug */ = {
			isa = XCBuildConfiguration;
			buildSettings = {
				COMBINE_HIDPI_IMAGES = YES;
				DEVELOPMENT_TEAM = JD44B74N6A;
				INFOPLIST_FILE = ExtDomainModelTest/Info.plist;
				LD_RUNPATH_SEARCH_PATHS = "$(inherited) @executable_path/../Frameworks @loader_path/../Frameworks";
				PRODUCT_BUNDLE_IDENTIFIER = edu.uw.vicky37.ExtDomainModelTest;
				PRODUCT_NAME = "$(TARGET_NAME)";
				SWIFT_ACTIVE_COMPILATION_CONDITIONS = DEBUG;
				SWIFT_VERSION = 3.0;
			};
			name = Debug;
		};
		588AB2381EA196E400E6407E /* Release */ = {
			isa = XCBuildConfiguration;
			buildSettings = {
				COMBINE_HIDPI_IMAGES = YES;
				DEVELOPMENT_TEAM = JD44B74N6A;
				INFOPLIST_FILE = ExtDomainModelTest/Info.plist;
				LD_RUNPATH_SEARCH_PATHS = "$(inherited) @executable_path/../Frameworks @loader_path/../Frameworks";
				PRODUCT_BUNDLE_IDENTIFIER = edu.uw.vicky37.ExtDomainModelTest;
				PRODUCT_NAME = "$(TARGET_NAME)";
				SWIFT_OPTIMIZATION_LEVEL = "-Owholemodule";
				SWIFT_VERSION = 3.0;
			};
			name = Release;
		};
/* End XCBuildConfiguration section */

/* Begin XCConfigurationList section */
		588AB21E1EA0AFDD00E6407E /* Build configuration list for PBXProject "ExtDomainModel" */ = {
			isa = XCConfigurationList;
			buildConfigurations = (
				588AB2281EA0AFDD00E6407E /* Debug */,
				588AB2291EA0AFDD00E6407E /* Release */,
			);
			defaultConfigurationIsVisible = 0;
			defaultConfigurationName = Release;
		};
		588AB22A1EA0AFDD00E6407E /* Build configuration list for PBXNativeTarget "ExtDomainModel" */ = {
			isa = XCConfigurationList;
			buildConfigurations = (
				588AB22B1EA0AFDD00E6407E /* Debug */,
				588AB22C1EA0AFDD00E6407E /* Release */,
			);
			defaultConfigurationIsVisible = 0;
			defaultConfigurationName = Release;
		};
		588AB2361EA196E400E6407E /* Build configuration list for PBXNativeTarget "ExtDomainModelTest" */ = {
			isa = XCConfigurationList;
			buildConfigurations = (
				588AB2371EA196E400E6407E /* Debug */,
				588AB2381EA196E400E6407E /* Release */,
			);
			defaultConfigurationIsVisible = 0;
			defaultConfigurationName = Release;
		};
/* End XCConfigurationList section */
	};
	rootObject = 588AB21B1EA0AFDD00E6407E /* Project object */;
}
